
Microsoft Visual Studio Solution File, Format Version 12.00
# Visual Studio Version 16
VisualStudioVersion = 16.0.30011.22
MinimumVisualStudioVersion = 10.0.40219.1
Project("{FAE04EC0-301F-11D3-BF4B-00C04F79EFBC}") = "FishMarket", "FishMarket\FishMarket.csproj", "{0968EFF7-A2C8-4EDA-AD31-03F5EB8D3237}"
EndProject
Global
	GlobalSection(SolutionConfigurationPlatforms) = preSolution
		Debug|Any CPU = Debug|Any CPU
		Release|Any CPU = Release|Any CPU
	EndGlobalSection
	GlobalSection(ProjectConfigurationPlatforms) = postSolution
		{0968EFF7-A2C8-4EDA-AD31-03F5EB8D3237}.Debug|Any CPU.ActiveCfg = Debug|Any CPU
		{0968EFF7-A2C8-4EDA-AD31-03F5EB8D3237}.Debug|Any CPU.Build.0 = Debug|Any CPU
		{0968EFF7-A2C8-4EDA-AD31-03F5EB8D3237}.Release|Any CPU.ActiveCfg = Release|Any CPU
		{0968EFF7-A2C8-4EDA-AD31-03F5EB8D3237}.Release|Any CPU.Build.0 = Release|Any CPU
	EndGlobalSection
	GlobalSection(SolutionProperties) = preSolution
		HideSolutionNode = FALSE
	EndGlobalSection
	GlobalSection(ExtensibilityGlobals) = postSolution
		SolutionGuid = {B936FFCD-2860-40DF-A3AE-098EBC67DA1B}
	EndGlobalSection
EndGlobal
